
Microsoft Visual Studio Solution File, Format Version 12.00
# Visual Studio 15
VisualStudioVersion = 15.0.28307.779
MinimumVisualStudioVersion = 10.0.40219.1
Project("{FAE04EC0-301F-11D3-BF4B-00C04F79EFBC}") = "CodeChallenge", "CodeChallenge\CodeChallenge.csproj", "{6FB41B7B-37F3-4523-9688-0305379DE614}"
EndProject
Global
	GlobalSection(SolutionConfigurationPlatforms) = preSolution
		Debug|Any CPU = Debug|Any CPU
		Release|Any CPU = Release|Any CPU
	EndGlobalSection
	GlobalSection(ProjectConfigurationPlatforms) = postSolution
		{6FB41B7B-37F3-4523-9688-0305379DE614}.Debug|Any CPU.ActiveCfg = Debug|Any CPU
		{6FB41B7B-37F3-4523-9688-0305379DE614}.Debug|Any CPU.Build.0 = Debug|Any CPU
		{6FB41B7B-37F3-4523-9688-0305379DE614}.Release|Any CPU.ActiveCfg = Release|Any CPU
		{6FB41B7B-37F3-4523-9688-0305379DE614}.Release|Any CPU.Build.0 = Release|Any CPU
	EndGlobalSection
	GlobalSection(SolutionProperties) = preSolution
		HideSolutionNode = FALSE
	EndGlobalSection
	GlobalSection(ExtensibilityGlobals) = postSolution
		SolutionGuid = {DC0D6F19-5DC7-4EB9-B8C3-DAC0245C872B}
	EndGlobalSection
EndGlobal
